
Microsoft Visual Studio Solution File, Format Version 12.00
# Visual Studio Version 16
VisualStudioVersion = 16.0.32407.337
MinimumVisualStudioVersion = 10.0.40219.1
Project("{FAE04EC0-301F-11D3-BF4B-00C04F79EFBC}") = "HackerRank3", "HackerRank3\HackerRank3.csproj", "{314EAA60-6395-48DC-A48C-CEE80EA1531C}"
EndProject
Global
	GlobalSection(SolutionConfigurationPlatforms) = preSolution
		Debug|Any CPU = Debug|Any CPU
		Release|Any CPU = Release|Any CPU
	EndGlobalSection
	GlobalSection(ProjectConfigurationPlatforms) = postSolution
		{314EAA60-6395-48DC-A48C-CEE80EA1531C}.Debug|Any CPU.ActiveCfg = Debug|Any CPU
		{314EAA60-6395-48DC-A48C-CEE80EA1531C}.Debug|Any CPU.Build.0 = Debug|Any CPU
		{314EAA60-6395-48DC-A48C-CEE80EA1531C}.Release|Any CPU.ActiveCfg = Release|Any CPU
		{314EAA60-6395-48DC-A48C-CEE80EA1531C}.Release|Any CPU.Build.0 = Release|Any CPU
	EndGlobalSection
	GlobalSection(SolutionProperties) = preSolution
		HideSolutionNode = FALSE
	EndGlobalSection
	GlobalSection(ExtensibilityGlobals) = postSolution
		SolutionGuid = {6F35A50B-65C6-42CB-A99E-9637026301B5}
	EndGlobalSection
EndGlobal
